
Microsoft Visual Studio Solution File, Format Version 12.00
# Visual Studio 15
VisualStudioVersion = 15.0.26228.4
MinimumVisualStudioVersion = 10.0.40219.1
Project("{2150E333-8FDC-42A3-9474-1A3956D46DE8}") = "Engine", "Engine", "{70854788-D90F-4349-9A03-BA4AD12607D2}"
EndProject
Project("{2150E333-8FDC-42A3-9474-1A3956D46DE8}") = "Games", "Games", "{2B7DBFE2-B15D-4259-AC1C-82B273C6C0FE}"
EndProject
Project("{8BC9CEB8-8B4A-11D0-8D11-00A0C91BC942}") = "UE4", "Intermediate\ProjectFiles\UE4.vcxproj", "{76F81B10-3D0D-4008-AAB5-8EBCE6C3D8F2}"
EndProject
Project("{8BC9CEB8-8B4A-11D0-8D11-00A0C91BC942}") = "Text3DProject", "Intermediate\ProjectFiles\Text3DProject.vcxproj", "{64CA2617-70C4-4C46-8FAB-37AA83D24472}"
EndProject
Global
	GlobalSection(SolutionConfigurationPlatforms) = preSolution
		DebugGame Editor|Android = DebugGame Editor|Android
		DebugGame Editor|HTML5 = DebugGame Editor|HTML5
		DebugGame Editor|Win32 = DebugGame Editor|Win32
		DebugGame Editor|Win64 = DebugGame Editor|Win64
		DebugGame|Android = DebugGame|Android
		DebugGame|HTML5 = DebugGame|HTML5
		DebugGame|Win32 = DebugGame|Win32
		DebugGame|Win64 = DebugGame|Win64
		Development Editor|Android = Development Editor|Android
		Development Editor|HTML5 = Development Editor|HTML5
		Development Editor|Win32 = Development Editor|Win32
		Development Editor|Win64 = Development Editor|Win64
		Development|Android = Development|Android
		Development|HTML5 = Development|HTML5
		Development|Win32 = Development|Win32
		Development|Win64 = Development|Win64
		Shipping|Android = Shipping|Android
		Shipping|HTML5 = Shipping|HTML5
		Shipping|Win32 = Shipping|Win32
		Shipping|Win64 = Shipping|Win64
	EndGlobalSection
	GlobalSection(ProjectConfigurationPlatforms) = postSolution
		{76F81B10-3D0D-4008-AAB5-8EBCE6C3D8F2}.DebugGame Editor|Android.ActiveCfg = BuiltWithUnrealBuildTool|Win32
		{76F81B10-3D0D-4008-AAB5-8EBCE6C3D8F2}.DebugGame Editor|Android.Build.0 = BuiltWithUnrealBuildTool|Win32
		{76F81B10-3D0D-4008-AAB5-8EBCE6C3D8F2}.DebugGame Editor|HTML5.ActiveCfg = BuiltWithUnrealBuildTool|Win32
		{76F81B10-3D0D-4008-AAB5-8EBCE6C3D8F2}.DebugGame Editor|HTML5.Build.0 = BuiltWithUnrealBuildTool|Win32
		{76F81B10-3D0D-4008-AAB5-8EBCE6C3D8F2}.DebugGame Editor|Win32.ActiveCfg = BuiltWithUnrealBuildTool|Win32
		{76F81B10-3D0D-4008-AAB5-8EBCE6C3D8F2}.DebugGame Editor|Win32.Build.0 = BuiltWithUnrealBuildTool|Win32
		{76F81B10-3D0D-4008-AAB5-8EBCE6C3D8F2}.DebugGame Editor|Win64.ActiveCfg = BuiltWithUnrealBuildTool|Win32
		{76F81B10-3D0D-4008-AAB5-8EBCE6C3D8F2}.DebugGame Editor|Win64.Build.0 = BuiltWithUnrealBuildTool|Win32
		{76F81B10-3D0D-4008-AAB5-8EBCE6C3D8F2}.DebugGame|Android.ActiveCfg = BuiltWithUnrealBuildTool|Win32
		{76F81B10-3D0D-4008-AAB5-8EBCE6C3D8F2}.DebugGame|Android.Build.0 = BuiltWithUnrealBuildTool|Win32
		{76F81B10-3D0D-4008-AAB5-8EBCE6C3D8F2}.DebugGame|HTML5.ActiveCfg = BuiltWithUnrealBuildTool|Win32
		{76F81B10-3D0D-4008-AAB5-8EBCE6C3D8F2}.DebugGame|HTML5.Build.0 = BuiltWithUnrealBuildTool|Win32
		{76F81B10-3D0D-4008-AAB5-8EBCE6C3D8F2}.DebugGame|Win32.ActiveCfg = BuiltWithUnrealBuildTool|Win32
		{76F81B10-3D0D-4008-AAB5-8EBCE6C3D8F2}.DebugGame|Win32.Build.0 = BuiltWithUnrealBuildTool|Win32
		{76F81B10-3D0D-4008-AAB5-8EBCE6C3D8F2}.DebugGame|Win64.ActiveCfg = BuiltWithUnrealBuildTool|Win32
		{76F81B10-3D0D-4008-AAB5-8EBCE6C3D8F2}.DebugGame|Win64.Build.0 = BuiltWithUnrealBuildTool|Win32
		{76F81B10-3D0D-4008-AAB5-8EBCE6C3D8F2}.Development Editor|Android.ActiveCfg = BuiltWithUnrealBuildTool|Win32
		{76F81B10-3D0D-4008-AAB5-8EBCE6C3D8F2}.Development Editor|Android.Build.0 = BuiltWithUnrealBuildTool|Win32
		{76F81B10-3D0D-4008-AAB5-8EBCE6C3D8F2}.Development Editor|HTML5.ActiveCfg = BuiltWithUnrealBuildTool|Win32
		{76F81B10-3D0D-4008-AAB5-8EBCE6C3D8F2}.Development Editor|HTML5.Build.0 = BuiltWithUnrealBuildTool|Win32
		{76F81B10-3D0D-4008-AAB5-8EBCE6C3D8F2}.Development Editor|Win32.ActiveCfg = BuiltWithUnrealBuildTool|Win32
		{76F81B10-3D0D-4008-AAB5-8EBCE6C3D8F2}.Development Editor|Win32.Build.0 = BuiltWithUnrealBuildTool|Win32
		{76F81B10-3D0D-4008-AAB5-8EBCE6C3D8F2}.Development Editor|Win64.ActiveCfg = BuiltWithUnrealBuildTool|Win32
		{76F81B10-3D0D-4008-AAB5-8EBCE6C3D8F2}.Development Editor|Win64.Build.0 = BuiltWithUnrealBuildTool|Win32
		{76F81B10-3D0D-4008-AAB5-8EBCE6C3D8F2}.Development|Android.ActiveCfg = BuiltWithUnrealBuildTool|Win32
		{76F81B10-3D0D-4008-AAB5-8EBCE6C3D8F2}.Development|Android.Build.0 = BuiltWithUnrealBuildTool|Win32
		{76F81B10-3D0D-4008-AAB5-8EBCE6C3D8F2}.Development|HTML5.ActiveCfg = BuiltWithUnrealBuildTool|Win32
		{76F81B10-3D0D-4008-AAB5-8EBCE6C3D8F2}.Development|HTML5.Build.0 = BuiltWithUnrealBuildTool|Win32
		{76F81B10-3D0D-4008-AAB5-8EBCE6C3D8F2}.Development|Win32.ActiveCfg = BuiltWithUnrealBuildTool|Win32
		{76F81B10-3D0D-4008-AAB5-8EBCE6C3D8F2}.Development|Win32.Build.0 = BuiltWithUnrealBuildTool|Win32
		{76F81B10-3D0D-4008-AAB5-8EBCE6C3D8F2}.Development|Win64.ActiveCfg = BuiltWithUnrealBuildTool|Win32
		{76F81B10-3D0D-4008-AAB5-8EBCE6C3D8F2}.Development|Win64.Build.0 = BuiltWithUnrealBuildTool|Win32
		{76F81B10-3D0D-4008-AAB5-8EBCE6C3D8F2}.Shipping|Android.ActiveCfg = BuiltWithUnrealBuildTool|Win32
		{76F81B10-3D0D-4008-AAB5-8EBCE6C3D8F2}.Shipping|Android.Build.0 = BuiltWithUnrealBuildTool|Win32
		{76F81B10-3D0D-4008-AAB5-8EBCE6C3D8F2}.Shipping|HTML5.ActiveCfg = BuiltWithUnrealBuildTool|Win32
		{76F81B10-3D0D-4008-AAB5-8EBCE6C3D8F2}.Shipping|HTML5.Build.0 = BuiltWithUnrealBuildTool|Win32
		{76F81B10-3D0D-4008-AAB5-8EBCE6C3D8F2}.Shipping|Win32.ActiveCfg = BuiltWithUnrealBuildTool|Win32
		{76F81B10-3D0D-4008-AAB5-8EBCE6C3D8F2}.Shipping|Win32.Build.0 = BuiltWithUnrealBuildTool|Win32
		{76F81B10-3D0D-4008-AAB5-8EBCE6C3D8F2}.Shipping|Win64.ActiveCfg = BuiltWithUnrealBuildTool|Win32
		{76F81B10-3D0D-4008-AAB5-8EBCE6C3D8F2}.Shipping|Win64.Build.0 = BuiltWithUnrealBuildTool|Win32
		{64CA2617-70C4-4C46-8FAB-37AA83D24472}.DebugGame Editor|Android.ActiveCfg = Android_DebugGame_Editor|Win32
		{64CA2617-70C4-4C46-8FAB-37AA83D24472}.DebugGame Editor|HTML5.ActiveCfg = HTML5_DebugGame_Editor|Win32
		{64CA2617-70C4-4C46-8FAB-37AA83D24472}.DebugGame Editor|Win32.ActiveCfg = DebugGame_Editor|Win32
		{64CA2617-70C4-4C46-8FAB-37AA83D24472}.DebugGame Editor|Win64.ActiveCfg = DebugGame_Editor|x64
		{64CA2617-70C4-4C46-8FAB-37AA83D24472}.DebugGame Editor|Win64.Build.0 = DebugGame_Editor|x64
		{64CA2617-70C4-4C46-8FAB-37AA83D24472}.DebugGame|Android.ActiveCfg = Android_DebugGame_Game|Win32
		{64CA2617-70C4-4C46-8FAB-37AA83D24472}.DebugGame|Android.Build.0 = Android_DebugGame_Game|Win32
		{64CA2617-70C4-4C46-8FAB-37AA83D24472}.DebugGame|HTML5.ActiveCfg = HTML5_DebugGame_Game|Win32
		{64CA2617-70C4-4C46-8FAB-37AA83D24472}.DebugGame|HTML5.Build.0 = HTML5_DebugGame_Game|Win32
		{64CA2617-70C4-4C46-8FAB-37AA83D24472}.DebugGame|Win32.ActiveCfg = DebugGame_Game|Win32
		{64CA2617-70C4-4C46-8FAB-37AA83D24472}.DebugGame|Win32.Build.0 = DebugGame_Game|Win32
		{64CA2617-70C4-4C46-8FAB-37AA83D24472}.DebugGame|Win64.ActiveCfg = DebugGame_Game|x64
		{64CA2617-70C4-4C46-8FAB-37AA83D24472}.DebugGame|Win64.Build.0 = DebugGame_Game|x64
		{64CA2617-70C4-4C46-8FAB-37AA83D24472}.Development Editor|Android.ActiveCfg = Android_Development_Editor|Win32
		{64CA2617-70C4-4C46-8FAB-37AA83D24472}.Development Editor|HTML5.ActiveCfg = HTML5_Development_Editor|Win32
		{64CA2617-70C4-4C46-8FAB-37AA83D24472}.Development Editor|Win32.ActiveCfg = Development_Editor|Win32
		{64CA2617-70C4-4C46-8FAB-37AA83D24472}.Development Editor|Win64.ActiveCfg = Development_Editor|x64
		{64CA2617-70C4-4C46-8FAB-37AA83D24472}.Development Editor|Win64.Build.0 = Development_Editor|x64
		{64CA2617-70C4-4C46-8FAB-37AA83D24472}.Development|Android.ActiveCfg = Android_Development_Game|Win32
		{64CA2617-70C4-4C46-8FAB-37AA83D24472}.Development|Android.Build.0 = Android_Development_Game|Win32
		{64CA2617-70C4-4C46-8FAB-37AA83D24472}.Development|HTML5.ActiveCfg = HTML5_Development_Game|Win32
		{64CA2617-70C4-4C46-8FAB-37AA83D24472}.Development|HTML5.Build.0 = HTML5_Development_Game|Win32
		{64CA2617-70C4-4C46-8FAB-37AA83D24472}.Development|Win32.ActiveCfg = Development_Game|Win32
		{64CA2617-70C4-4C46-8FAB-37AA83D24472}.Development|Win32.Build.0 = Development_Game|Win32
		{64CA2617-70C4-4C46-8FAB-37AA83D24472}.Development|Win64.ActiveCfg = Development_Game|x64
		{64CA2617-70C4-4C46-8FAB-37AA83D24472}.Development|Win64.Build.0 = Development_Game|x64
		{64CA2617-70C4-4C46-8FAB-37AA83D24472}.Shipping|Android.ActiveCfg = Android_Shipping_Game|Win32
		{64CA2617-70C4-4C46-8FAB-37AA83D24472}.Shipping|Android.Build.0 = Android_Shipping_Game|Win32
		{64CA2617-70C4-4C46-8FAB-37AA83D24472}.Shipping|HTML5.ActiveCfg = HTML5_Shipping_Game|Win32
		{64CA2617-70C4-4C46-8FAB-37AA83D24472}.Shipping|HTML5.Build.0 = HTML5_Shipping_Game|Win32
		{64CA2617-70C4-4C46-8FAB-37AA83D24472}.Shipping|Win32.ActiveCfg = Shipping_Game|Win32
		{64CA2617-70C4-4C46-8FAB-37AA83D24472}.Shipping|Win32.Build.0 = Shipping_Game|Win32
		{64CA2617-70C4-4C46-8FAB-37AA83D24472}.Shipping|Win64.ActiveCfg = Shipping_Game|x64
		{64CA2617-70C4-4C46-8FAB-37AA83D24472}.Shipping|Win64.Build.0 = Shipping_Game|x64
	EndGlobalSection
	GlobalSection(SolutionProperties) = preSolution
		HideSolutionNode = FALSE
	EndGlobalSection
	GlobalSection(NestedProjects) = preSolution
		{76F81B10-3D0D-4008-AAB5-8EBCE6C3D8F2} = {70854788-D90F-4349-9A03-BA4AD12607D2}
		{64CA2617-70C4-4C46-8FAB-37AA83D24472} = {2B7DBFE2-B15D-4259-AC1C-82B273C6C0FE}
	EndGlobalSection
EndGlobal
